// !$*UTF8*$!
{
	archiveVersion = 1;
	classes = {
	};
	objectVersion = 46;
	objects = {

/* Begin PBXBuildFile section */
		2158045B1C83719800FDA6CF /* AppDelegate.swift in Sources */ = {isa = PBXBuildFile; fileRef = 2158045A1C83719800FDA6CF /* AppDelegate.swift */; };
		2158045D1C83719800FDA6CF /* ViewController.swift in Sources */ = {isa = PBXBuildFile; fileRef = 2158045C1C83719800FDA6CF /* ViewController.swift */; };
		215804601C83719800FDA6CF /* Main.storyboard in Resources */ = {isa = PBXBuildFile; fileRef = 2158045E1C83719800FDA6CF /* Main.storyboard */; };
		215804621C83719800FDA6CF /* Assets.xcassets in Resources */ = {isa = PBXBuildFile; fileRef = 215804611C83719800FDA6CF /* Assets.xcassets */; };
		215804651C83719800FDA6CF /* LaunchScreen.storyboard in Resources */ = {isa = PBXBuildFile; fileRef = 215804631C83719800FDA6CF /* LaunchScreen.storyboard */; };
/* End PBXBuildFile section */

/* Begin PBXFileReference section */
		215804571C83719800FDA6CF /* codepath-twitter.app */ = {isa = PBXFileReference; explicitFileType = wrapper.application; includeInIndex = 0; path = "codepath-twitter.app"; sourceTree = BUILT_PRODUCTS_DIR; };
		2158045A1C83719800FDA6CF /* AppDelegate.swift */ = {isa = PBXFileReference; lastKnownFileType = sourcecode.swift; path = AppDelegate.swift; sourceTree = "<group>"; };
		2158045C1C83719800FDA6CF /* ViewController.swift */ = {isa = PBXFileReference; lastKnownFileType = sourcecode.swift; path = ViewController.swift; sourceTree = "<group>"; };
		2158045F1C83719800FDA6CF /* Base */ = {isa = PBXFileReference; lastKnownFileType = file.storyboard; name = Base; path = Base.lproj/Main.storyboard; sourceTree = "<group>"; };
		215804611C83719800FDA6CF /* Assets.xcassets */ = {isa = PBXFileReference; lastKnownFileType = folder.assetcatalog; path = Assets.xcassets; sourceTree = "<group>"; };
		215804641C83719800FDA6CF /* Base */ = {isa = PBXFileReference; lastKnownFileType = file.storyboard; name = Base; path = Base.lproj/LaunchScreen.storyboard; sourceTree = "<group>"; };
		215804661C83719800FDA6CF /* Info.plist */ = {isa = PBXFileReference; lastKnownFileType = text.plist.xml; path = Info.plist; sourceTree = "<group>"; };
/* End PBXFileReference section */

/* Begin PBXFrameworksBuildPhase section */
		215804541C83719800FDA6CF /* Frameworks */ = {
			isa = PBXFrameworksBuildPhase;
			buildActionMask = 2147483647;
			files = (
			);
			runOnlyForDeploymentPostprocessing = 0;
		};
/* End PBXFrameworksBuildPhase section */

/* Begin PBXGroup section */
		2158044E1C83719800FDA6CF = {
			isa = PBXGroup;
			children = (
				215804591C83719800FDA6CF /* codepath-twitter */,
				215804581C83719800FDA6CF /* Products */,
			);
			sourceTree = "<group>";
		};
		215804581C83719800FDA6CF /* Products */ = {
			isa = PBXGroup;
			children = (
				215804571C83719800FDA6CF /* codepath-twitter.app */,
			);
			name = Products;
			sourceTree = "<group>";
		};
		215804591C83719800FDA6CF /* codepath-twitter */ = {
			isa = PBXGroup;
			children = (
				2158045A1C83719800FDA6CF /* AppDelegate.swift */,
				2158045C1C83719800FDA6CF /* ViewController.swift */,
				2158045E1C83719800FDA6CF /* Main.storyboard */,
				215804611C83719800FDA6CF /* Assets.xcassets */,
				215804631C83719800FDA6CF /* LaunchScreen.storyboard */,
				215804661C83719800FDA6CF /* Info.plist */,
			);
			path = "codepath-twitter";
			sourceTree = "<group>";
		};
/* End PBXGroup section */

/* Begin PBXNativeTarget section */
		215804561C83719800FDA6CF /* codepath-twitter */ = {
			isa = PBXNativeTarget;
			buildConfigurationList = 215804691C83719800FDA6CF /* Build configuration list for PBXNativeTarget "codepath-twitter" */;
			buildPhases = (
				215804531C83719800FDA6CF /* Sources */,
				215804541C83719800FDA6CF /* Frameworks */,
				215804551C83719800FDA6CF /* Resources */,
			);
			buildRules = (
			);
			dependencies = (
			);
			name = "codepath-twitter";
			productName = "codepath-twitter";
			productReference = 215804571C83719800FDA6CF /* codepath-twitter.app */;
			productType = "com.apple.product-type.application";
		};
/* End PBXNativeTarget section */

/* Begin PBXProject section */
		2158044F1C83719800FDA6CF /* Project object */ = {
			isa = PBXProject;
			attributes = {
				LastSwiftUpdateCheck = 0720;
				LastUpgradeCheck = 0720;
				ORGANIZATIONNAME = "Nisarga Patel";
				TargetAttributes = {
					215804561C83719800FDA6CF = {
						CreatedOnToolsVersion = 7.2.1;
					};
				};
			};
			buildConfigurationList = 215804521C83719800FDA6CF /* Build configuration list for PBXProject "codepath-twitter" */;
			compatibilityVersion = "Xcode 3.2";
			developmentRegion = English;
			hasScannedForEncodings = 0;
			knownRegions = (
				en,
				Base,
			);
			mainGroup = 2158044E1C83719800FDA6CF;
			productRefGroup = 215804581C83719800FDA6CF /* Products */;
			projectDirPath = "";
			projectRoot = "";
			targets = (
				215804561C83719800FDA6CF /* codepath-twitter */,
			);
		};
/* End PBXProject section */

/* Begin PBXResourcesBuildPhase section */
		215804551C83719800FDA6CF /* Resources */ = {
			isa = PBXResourcesBuildPhase;
			buildActionMask = 2147483647;
			files = (
				215804651C83719800FDA6CF /* LaunchScreen.storyboard in Resources */,
				215804621C83719800FDA6CF /* Assets.xcassets in Resources */,
				215804601C83719800FDA6CF /* Main.storyboard in Resources */,
			);
			runOnlyForDeploymentPostprocessing = 0;
		};
/* End PBXResourcesBuildPhase section */

/* Begin PBXSourcesBuildPhase section */
		215804531C83719800FDA6CF /* Sources */ = {
			isa = PBXSourcesBuildPhase;
			buildActionMask = 2147483647;
			files = (
				2158045D1C83719800FDA6CF /* ViewController.swift in Sources */,
				2158045B1C83719800FDA6CF /* AppDelegate.swift in Sources */,
			);
			runOnlyForDeploymentPostprocessing = 0;
		};
/* End PBXSourcesBuildPhase section */

/* Begin PBXVariantGroup section */
		2158045E1C83719800FDA6CF /* Main.storyboard */ = {
			isa = PBXVariantGroup;
			children = (
				2158045F1C83719800FDA6CF /* Base */,
			);
			name = Main.storyboard;
			sourceTree = "<group>";
		};
		215804631C83719800FDA6CF /* LaunchScreen.storyboard */ = {
			isa = PBXVariantGroup;
			children = (
				215804641C83719800FDA6CF /* Base */,
			);
			name = LaunchScreen.storyboard;
			sourceTree = "<group>";
		};
/* End PBXVariantGroup section */

/* Begin XCBuildConfiguration section */
		215804671C83719800FDA6CF /* Debug */ = {
			isa = XCBuildConfiguration;
			buildSettings = {
				ALWAYS_SEARCH_USER_PATHS = NO;
				CLANG_CXX_LANGUAGE_STANDARD = "gnu++0x";
				CLANG_CXX_LIBRARY = "libc++";
				CLANG_ENABLE_MODULES = YES;
				CLANG_ENABLE_OBJC_ARC = YES;
				CLANG_WARN_BOOL_CONVERSION = YES;
				CLANG_WARN_CONSTANT_CONVERSION = YES;
				CLANG_WARN_DIRECT_OBJC_ISA_USAGE = YES_ERROR;
				CLANG_WARN_EMPTY_BODY = YES;
				CLANG_WARN_ENUM_CONVERSION = YES;
				CLANG_WARN_INT_CONVERSION = YES;
				CLANG_WARN_OBJC_ROOT_CLASS = YES_ERROR;
				CLANG_WARN_UNREACHABLE_CODE = YES;
				CLANG_WARN__DUPLICATE_METHOD_MATCH = YES;
				"CODE_SIGN_IDENTITY[sdk=iphoneos*]" = "iPhone Developer";
				COPY_PHASE_STRIP = NO;
				DEBUG_INFORMATION_FORMAT = dwarf;
				ENABLE_STRICT_OBJC_MSGSEND = YES;
				ENABLE_TESTABILITY = YES;
				GCC_C_LANGUAGE_STANDARD = gnu99;
				GCC_DYNAMIC_NO_PIC = NO;
				GCC_NO_COMMON_BLOCKS = YES;
				GCC_OPTIMIZATION_LEVEL = 0;
				GCC_PREPROCESSOR_DEFINITIONS = (
					"DEBUG=1",
					"$(inherited)",
				);
				GCC_WARN_64_TO_32_BIT_CONVERSION = YES;
				GCC_WARN_ABOUT_RETURN_TYPE = YES_ERROR;
				GCC_WARN_UNDECLARED_SELECTOR = YES;
				GCC_WARN_UNINITIALIZED_AUTOS = YES_AGGRESSIVE;
				GCC_WARN_UNUSED_FUNCTION = YES;
				GCC_WARN_UNUSED_VARIABLE = YES;
				IPHONEOS_DEPLOYMENT_TARGET = 9.2;
				MTL_ENABLE_DEBUG_INFO = YES;
				ONLY_ACTIVE_ARCH = YES;
				SDKROOT = iphoneos;
				SWIFT_OPTIMIZATION_LEVEL = "-Onone";
			};
			name = Debug;
		};
		215804681C83719800FDA6CF /* Release */ = {
			isa = XCBuildConfiguration;
			buildSettings = {
				ALWAYS_SEARCH_USER_PATHS = NO;
				CLANG_CXX_LANGUAGE_STANDARD = "gnu++0x";
				CLANG_CXX_LIBRARY = "libc++";
				CLANG_ENABLE_MODULES = YES;
				CLANG_ENABLE_OBJC_ARC = YES;
				CLANG_WARN_BOOL_CONVERSION = YES;
				CLANG_WARN_CONSTANT_CONVERSION = YES;
				CLANG_WARN_DIRECT_OBJC_ISA_USAGE = YES_ERROR;
				CLANG_WARN_EMPTY_BODY = YES;
				CLANG_WARN_ENUM_CONVERSION = YES;
				CLANG_WARN_INT_CONVERSION = YES;
				CLANG_WARN_OBJC_ROOT_CLASS = YES_ERROR;
				CLANG_WARN_UNREACHABLE_CODE = YES;
				CLANG_WARN__DUPLICATE_METHOD_MATCH = YES;
				"CODE_SIGN_IDENTITY[sdk=iphoneos*]" = "iPhone Developer";
				COPY_PHASE_STRIP = NO;
				DEBUG_INFORMATION_FORMAT = "dwarf-with-dsym";
				ENABLE_NS_ASSERTIONS = NO;
				ENABLE_STRICT_OBJC_MSGSEND = YES;
				GCC_C_LANGUAGE_STANDARD = gnu99;
				GCC_NO_COMMON_BLOCKS = YES;
				GCC_WARN_64_TO_32_BIT_CONVERSION = YES;
				GCC_WARN_ABOUT_RETURN_TYPE = YES_ERROR;
				GCC_WARN_UNDECLARED_SELECTOR = YES;
				GCC_WARN_UNINITIALIZED_AUTOS = YES_AGGRESSIVE;
				GCC_WARN_UNUSED_FUNCTION = YES;
				GCC_WARN_UNUSED_VARIABLE = YES;
				IPHONEOS_DEPLOYMENT_TARGET = 9.2;
				MTL_ENABLE_DEBUG_INFO = NO;
				SDKROOT = iphoneos;
				VALIDATE_PRODUCT = YES;
			};
			name = Release;
		};
		2158046A1C83719800FDA6CF /* Debug */ = {
			isa = XCBuildConfiguration;
			buildSettings = {
				ASSETCATALOG_COMPILER_APPICON_NAME = AppIcon;
				INFOPLIST_FILE = "codepath-twitter/Info.plist";
				LD_RUNPATH_SEARCH_PATHS = "$(inherited) @executable_path/Frameworks";
				PRODUCT_BUNDLE_IDENTIFIER = "codepath.codepath-twitter";
				PRODUCT_NAME = "$(TARGET_NAME)";
			};
			name = Debug;
		};
		2158046B1C83719800FDA6CF /* Release */ = {
			isa = XCBuildConfiguration;
			buildSettings = {
				ASSETCATALOG_COMPILER_APPICON_NAME = AppIcon;
				INFOPLIST_FILE = "codepath-twitter/Info.plist";
				LD_RUNPATH_SEARCH_PATHS = "$(inherited) @executable_path/Frameworks";
				PRODUCT_BUNDLE_IDENTIFIER = "codepath.codepath-twitter";
				PRODUCT_NAME = "$(TARGET_NAME)";
			};
			name = Release;
		};
/* End XCBuildConfiguration section */

/* Begin XCConfigurationList section */
		215804521C83719800FDA6CF /* Build configuration list for PBXProject "codepath-twitter" */ = {
			isa = XCConfigurationList;
			buildConfigurations = (
				215804671C83719800FDA6CF /* Debug */,
				215804681C83719800FDA6CF /* Release */,
			);
			defaultConfigurationIsVisible = 0;
			defaultConfigurationName = Release;
		};
		215804691C83719800FDA6CF /* Build configuration list for PBXNativeTarget "codepath-twitter" */ = {
			isa = XCConfigurationList;
			buildConfigurations = (
				2158046A1C83719800FDA6CF /* Debug */,
				2158046B1C83719800FDA6CF /* Release */,
			);
			defaultConfigurationIsVisible = 0;
		};
/* End XCConfigurationList section */
	};
	rootObject = 2158044F1C83719800FDA6CF /* Project object */;
}
