// !$*UTF8*$!
{
	archiveVersion = 1;
	classes = {
	};
	objectVersion = 46;
	objects = {

/* Begin PBXBuildFile section */
		2127E6841C83731A00418587 /* LoginViewController.swift in Sources */ = {isa = PBXBuildFile; fileRef = 2127E6831C83731A00418587 /* LoginViewController.swift */; };
		2158045B1C83719800FDA6CF /* AppDelegate.swift in Sources */ = {isa = PBXBuildFile; fileRef = 2158045A1C83719800FDA6CF /* AppDelegate.swift */; };
		215804601C83719800FDA6CF /* Main.storyboard in Resources */ = {isa = PBXBuildFile; fileRef = 2158045E1C83719800FDA6CF /* Main.storyboard */; };
		215804621C83719800FDA6CF /* Assets.xcassets in Resources */ = {isa = PBXBuildFile; fileRef = 215804611C83719800FDA6CF /* Assets.xcassets */; };
		215804651C83719800FDA6CF /* LaunchScreen.storyboard in Resources */ = {isa = PBXBuildFile; fileRef = 215804631C83719800FDA6CF /* LaunchScreen.storyboard */; };
		21CC16DA1C8D0533001952A0 /* TweetDetailsViewController.swift in Sources */ = {isa = PBXBuildFile; fileRef = 21CC16D91C8D0533001952A0 /* TweetDetailsViewController.swift */; };
		21CC16DC1C8D054D001952A0 /* ProfileViewController.swift in Sources */ = {isa = PBXBuildFile; fileRef = 21CC16DB1C8D054D001952A0 /* ProfileViewController.swift */; };
		21CC16DE1C8D0592001952A0 /* ComposeViewController.swift in Sources */ = {isa = PBXBuildFile; fileRef = 21CC16DD1C8D0592001952A0 /* ComposeViewController.swift */; };
		21CC16E01C8D28E4001952A0 /* ProfileSegueRecognizer.swift in Sources */ = {isa = PBXBuildFile; fileRef = 21CC16DF1C8D28E4001952A0 /* ProfileSegueRecognizer.swift */; };
		21D22DA51C83811600759CC1 /* User.swift in Sources */ = {isa = PBXBuildFile; fileRef = 21D22DA41C83811600759CC1 /* User.swift */; };
		21D22DA71C83812800759CC1 /* Tweet.swift in Sources */ = {isa = PBXBuildFile; fileRef = 21D22DA61C83812800759CC1 /* Tweet.swift */; };
		21D22DA91C83870200759CC1 /* TwitterClient.swift in Sources */ = {isa = PBXBuildFile; fileRef = 21D22DA81C83870200759CC1 /* TwitterClient.swift */; };
		21D22DAB1C83902200759CC1 /* TweetsViewController.swift in Sources */ = {isa = PBXBuildFile; fileRef = 21D22DAA1C83902200759CC1 /* TweetsViewController.swift */; };
		21D22DAE1C839DB900759CC1 /* TwitterTableViewCell.swift in Sources */ = {isa = PBXBuildFile; fileRef = 21D22DAD1C839DB900759CC1 /* TwitterTableViewCell.swift */; };
		3B509AF8557A48BB78D6A4B8 /* Pods_codepath_twitter.framework in Frameworks */ = {isa = PBXBuildFile; fileRef = 30307629D13608A318B27240 /* Pods_codepath_twitter.framework */; };
/* End PBXBuildFile section */

/* Begin PBXFileReference section */
		2127E6831C83731A00418587 /* LoginViewController.swift */ = {isa = PBXFileReference; fileEncoding = 4; lastKnownFileType = sourcecode.swift; path = LoginViewController.swift; sourceTree = "<group>"; };
		215804571C83719800FDA6CF /* codepath-twitter.app */ = {isa = PBXFileReference; explicitFileType = wrapper.application; includeInIndex = 0; path = "codepath-twitter.app"; sourceTree = BUILT_PRODUCTS_DIR; };
		2158045A1C83719800FDA6CF /* AppDelegate.swift */ = {isa = PBXFileReference; lastKnownFileType = sourcecode.swift; path = AppDelegate.swift; sourceTree = "<group>"; };
		2158045F1C83719800FDA6CF /* Base */ = {isa = PBXFileReference; lastKnownFileType = file.storyboard; name = Base; path = Base.lproj/Main.storyboard; sourceTree = "<group>"; };
		215804611C83719800FDA6CF /* Assets.xcassets */ = {isa = PBXFileReference; lastKnownFileType = folder.assetcatalog; path = Assets.xcassets; sourceTree = "<group>"; };
		215804641C83719800FDA6CF /* Base */ = {isa = PBXFileReference; lastKnownFileType = file.storyboard; name = Base; path = Base.lproj/LaunchScreen.storyboard; sourceTree = "<group>"; };
		215804661C83719800FDA6CF /* Info.plist */ = {isa = PBXFileReference; lastKnownFileType = text.plist.xml; path = Info.plist; sourceTree = "<group>"; };
		21CC16D91C8D0533001952A0 /* TweetDetailsViewController.swift */ = {isa = PBXFileReference; fileEncoding = 4; lastKnownFileType = sourcecode.swift; path = TweetDetailsViewController.swift; sourceTree = "<group>"; };
		21CC16DB1C8D054D001952A0 /* ProfileViewController.swift */ = {isa = PBXFileReference; fileEncoding = 4; lastKnownFileType = sourcecode.swift; path = ProfileViewController.swift; sourceTree = "<group>"; };
		21CC16DD1C8D0592001952A0 /* ComposeViewController.swift */ = {isa = PBXFileReference; fileEncoding = 4; lastKnownFileType = sourcecode.swift; path = ComposeViewController.swift; sourceTree = "<group>"; };
		21CC16DF1C8D28E4001952A0 /* ProfileSegueRecognizer.swift */ = {isa = PBXFileReference; fileEncoding = 4; lastKnownFileType = sourcecode.swift; path = ProfileSegueRecognizer.swift; sourceTree = "<group>"; };
		21D22DA41C83811600759CC1 /* User.swift */ = {isa = PBXFileReference; fileEncoding = 4; lastKnownFileType = sourcecode.swift; path = User.swift; sourceTree = "<group>"; };
		21D22DA61C83812800759CC1 /* Tweet.swift */ = {isa = PBXFileReference; fileEncoding = 4; lastKnownFileType = sourcecode.swift; path = Tweet.swift; sourceTree = "<group>"; };
		21D22DA81C83870200759CC1 /* TwitterClient.swift */ = {isa = PBXFileReference; fileEncoding = 4; lastKnownFileType = sourcecode.swift; path = TwitterClient.swift; sourceTree = "<group>"; };
		21D22DAA1C83902200759CC1 /* TweetsViewController.swift */ = {isa = PBXFileReference; fileEncoding = 4; lastKnownFileType = sourcecode.swift; path = TweetsViewController.swift; sourceTree = "<group>"; };
		21D22DAD1C839DB900759CC1 /* TwitterTableViewCell.swift */ = {isa = PBXFileReference; fileEncoding = 4; lastKnownFileType = sourcecode.swift; path = TwitterTableViewCell.swift; sourceTree = "<group>"; };
		30307629D13608A318B27240 /* Pods_codepath_twitter.framework */ = {isa = PBXFileReference; explicitFileType = wrapper.framework; includeInIndex = 0; path = Pods_codepath_twitter.framework; sourceTree = BUILT_PRODUCTS_DIR; };
		7722D111C088BFC12CB3B9B3 /* Pods-codepath-twitter.debug.xcconfig */ = {isa = PBXFileReference; includeInIndex = 1; lastKnownFileType = text.xcconfig; name = "Pods-codepath-twitter.debug.xcconfig"; path = "Pods/Target Support Files/Pods-codepath-twitter/Pods-codepath-twitter.debug.xcconfig"; sourceTree = "<group>"; };
		9696B429001D214BC9D546F0 /* Pods-codepath-twitter.release.xcconfig */ = {isa = PBXFileReference; includeInIndex = 1; lastKnownFileType = text.xcconfig; name = "Pods-codepath-twitter.release.xcconfig"; path = "Pods/Target Support Files/Pods-codepath-twitter/Pods-codepath-twitter.release.xcconfig"; sourceTree = "<group>"; };
/* End PBXFileReference section */

/* Begin PBXFrameworksBuildPhase section */
		215804541C83719800FDA6CF /* Frameworks */ = {
			isa = PBXFrameworksBuildPhase;
			buildActionMask = 2147483647;
			files = (
				3B509AF8557A48BB78D6A4B8 /* Pods_codepath_twitter.framework in Frameworks */,
			);
			runOnlyForDeploymentPostprocessing = 0;
		};
/* End PBXFrameworksBuildPhase section */

/* Begin PBXGroup section */
		2158044E1C83719800FDA6CF = {
			isa = PBXGroup;
			children = (
				215804591C83719800FDA6CF /* codepath-twitter */,
				215804581C83719800FDA6CF /* Products */,
				52F2E08799A2BD24D42BEDE1 /* Pods */,
				F71E071387E212612A14261B /* Frameworks */,
			);
			sourceTree = "<group>";
		};
		215804581C83719800FDA6CF /* Products */ = {
			isa = PBXGroup;
			children = (
				215804571C83719800FDA6CF /* codepath-twitter.app */,
			);
			name = Products;
			sourceTree = "<group>";
		};
		215804591C83719800FDA6CF /* codepath-twitter */ = {
			isa = PBXGroup;
			children = (
				21D22DAC1C839D9300759CC1 /* ViewCells */,
				21D22DA31C8380EA00759CC1 /* API */,
				21D22DA21C8380DD00759CC1 /* ViewControllers */,
				21D22DA11C8380D700759CC1 /* Models */,
				2158045A1C83719800FDA6CF /* AppDelegate.swift */,
				2158045E1C83719800FDA6CF /* Main.storyboard */,
				215804611C83719800FDA6CF /* Assets.xcassets */,
				215804631C83719800FDA6CF /* LaunchScreen.storyboard */,
				215804661C83719800FDA6CF /* Info.plist */,
			);
			path = "codepath-twitter";
			sourceTree = "<group>";
		};
		21D22DA11C8380D700759CC1 /* Models */ = {
			isa = PBXGroup;
			children = (
				21CC16DF1C8D28E4001952A0 /* ProfileSegueRecognizer.swift */,
				21D22DA41C83811600759CC1 /* User.swift */,
				21D22DA61C83812800759CC1 /* Tweet.swift */,
			);
			name = Models;
			sourceTree = "<group>";
		};
		21D22DA21C8380DD00759CC1 /* ViewControllers */ = {
			isa = PBXGroup;
			children = (
				2127E6831C83731A00418587 /* LoginViewController.swift */,
				21D22DAA1C83902200759CC1 /* TweetsViewController.swift */,
				21CC16D91C8D0533001952A0 /* TweetDetailsViewController.swift */,
				21CC16DB1C8D054D001952A0 /* ProfileViewController.swift */,
				21CC16DD1C8D0592001952A0 /* ComposeViewController.swift */,
			);
			name = ViewControllers;
			sourceTree = "<group>";
		};
		21D22DA31C8380EA00759CC1 /* API */ = {
			isa = PBXGroup;
			children = (
				21D22DA81C83870200759CC1 /* TwitterClient.swift */,
			);
			name = API;
			sourceTree = "<group>";
		};
		21D22DAC1C839D9300759CC1 /* ViewCells */ = {
			isa = PBXGroup;
			children = (
				21D22DAD1C839DB900759CC1 /* TwitterTableViewCell.swift */,
			);
			name = ViewCells;
			sourceTree = "<group>";
		};
		52F2E08799A2BD24D42BEDE1 /* Pods */ = {
			isa = PBXGroup;
			children = (
				7722D111C088BFC12CB3B9B3 /* Pods-codepath-twitter.debug.xcconfig */,
				9696B429001D214BC9D546F0 /* Pods-codepath-twitter.release.xcconfig */,
			);
			name = Pods;
			sourceTree = "<group>";
		};
		F71E071387E212612A14261B /* Frameworks */ = {
			isa = PBXGroup;
			children = (
				30307629D13608A318B27240 /* Pods_codepath_twitter.framework */,
			);
			name = Frameworks;
			sourceTree = "<group>";
		};
/* End PBXGroup section */

/* Begin PBXNativeTarget section */
		215804561C83719800FDA6CF /* codepath-twitter */ = {
			isa = PBXNativeTarget;
			buildConfigurationList = 215804691C83719800FDA6CF /* Build configuration list for PBXNativeTarget "codepath-twitter" */;
			buildPhases = (
				8AFBBE35FB025030601EA188 /* Check Pods Manifest.lock */,
				215804531C83719800FDA6CF /* Sources */,
				215804541C83719800FDA6CF /* Frameworks */,
				215804551C83719800FDA6CF /* Resources */,
				7A28468D25580C612FEBD10F /* Embed Pods Frameworks */,
				4331D944BAC6E715FF747A95 /* Copy Pods Resources */,
			);
			buildRules = (
			);
			dependencies = (
			);
			name = "codepath-twitter";
			productName = "codepath-twitter";
			productReference = 215804571C83719800FDA6CF /* codepath-twitter.app */;
			productType = "com.apple.product-type.application";
		};
/* End PBXNativeTarget section */

/* Begin PBXProject section */
		2158044F1C83719800FDA6CF /* Project object */ = {
			isa = PBXProject;
			attributes = {
				LastSwiftUpdateCheck = 0720;
				LastUpgradeCheck = 0720;
				ORGANIZATIONNAME = "Nisarga Patel";
				TargetAttributes = {
					215804561C83719800FDA6CF = {
						CreatedOnToolsVersion = 7.2.1;
					};
				};
			};
			buildConfigurationList = 215804521C83719800FDA6CF /* Build configuration list for PBXProject "codepath-twitter" */;
			compatibilityVersion = "Xcode 3.2";
			developmentRegion = English;
			hasScannedForEncodings = 0;
			knownRegions = (
				en,
				Base,
			);
			mainGroup = 2158044E1C83719800FDA6CF;
			productRefGroup = 215804581C83719800FDA6CF /* Products */;
			projectDirPath = "";
			projectRoot = "";
			targets = (
				215804561C83719800FDA6CF /* codepath-twitter */,
			);
		};
/* End PBXProject section */

/* Begin PBXResourcesBuildPhase section */
		215804551C83719800FDA6CF /* Resources */ = {
			isa = PBXResourcesBuildPhase;
			buildActionMask = 2147483647;
			files = (
				215804651C83719800FDA6CF /* LaunchScreen.storyboard in Resources */,
				215804621C83719800FDA6CF /* Assets.xcassets in Resources */,
				215804601C83719800FDA6CF /* Main.storyboard in Resources */,
			);
			runOnlyForDeploymentPostprocessing = 0;
		};
/* End PBXResourcesBuildPhase section */

/* Begin PBXShellScriptBuildPhase section */
		4331D944BAC6E715FF747A95 /* Copy Pods Resources */ = {
			isa = PBXShellScriptBuildPhase;
			buildActionMask = 2147483647;
			files = (
			);
			inputPaths = (
			);
			name = "Copy Pods Resources";
			outputPaths = (
			);
			runOnlyForDeploymentPostprocessing = 0;
			shellPath = /bin/sh;
			shellScript = "\"${SRCROOT}/Pods/Target Support Files/Pods-codepath-twitter/Pods-codepath-twitter-resources.sh\"\n";
			showEnvVarsInLog = 0;
		};
		7A28468D25580C612FEBD10F /* Embed Pods Frameworks */ = {
			isa = PBXShellScriptBuildPhase;
			buildActionMask = 2147483647;
			files = (
			);
			inputPaths = (
			);
			name = "Embed Pods Frameworks";
			outputPaths = (
			);
			runOnlyForDeploymentPostprocessing = 0;
			shellPath = /bin/sh;
			shellScript = "\"${SRCROOT}/Pods/Target Support Files/Pods-codepath-twitter/Pods-codepath-twitter-frameworks.sh\"\n";
			showEnvVarsInLog = 0;
		};
		8AFBBE35FB025030601EA188 /* Check Pods Manifest.lock */ = {
			isa = PBXShellScriptBuildPhase;
			buildActionMask = 2147483647;
			files = (
			);
			inputPaths = (
			);
			name = "Check Pods Manifest.lock";
			outputPaths = (
			);
			runOnlyForDeploymentPostprocessing = 0;
			shellPath = /bin/sh;
			shellScript = "diff \"${PODS_ROOT}/../Podfile.lock\" \"${PODS_ROOT}/Manifest.lock\" > /dev/null\nif [[ $? != 0 ]] ; then\n    cat << EOM\nerror: The sandbox is not in sync with the Podfile.lock. Run 'pod install' or update your CocoaPods installation.\nEOM\n    exit 1\nfi\n";
			showEnvVarsInLog = 0;
		};
/* End PBXShellScriptBuildPhase section */

/* Begin PBXSourcesBuildPhase section */
		215804531C83719800FDA6CF /* Sources */ = {
			isa = PBXSourcesBuildPhase;
			buildActionMask = 2147483647;
			files = (
				21D22DA51C83811600759CC1 /* User.swift in Sources */,
				21CC16E01C8D28E4001952A0 /* ProfileSegueRecognizer.swift in Sources */,
				21D22DAE1C839DB900759CC1 /* TwitterTableViewCell.swift in Sources */,
				21CC16DA1C8D0533001952A0 /* TweetDetailsViewController.swift in Sources */,
				21D22DA71C83812800759CC1 /* Tweet.swift in Sources */,
				2127E6841C83731A00418587 /* LoginViewController.swift in Sources */,
				21CC16DE1C8D0592001952A0 /* ComposeViewController.swift in Sources */,
				21D22DAB1C83902200759CC1 /* TweetsViewController.swift in Sources */,
				21CC16DC1C8D054D001952A0 /* ProfileViewController.swift in Sources */,
				21D22DA91C83870200759CC1 /* TwitterClient.swift in Sources */,
				2158045B1C83719800FDA6CF /* AppDelegate.swift in Sources */,
			);
			runOnlyForDeploymentPostprocessing = 0;
		};
/* End PBXSourcesBuildPhase section */

/* Begin PBXVariantGroup section */
		2158045E1C83719800FDA6CF /* Main.storyboard */ = {
			isa = PBXVariantGroup;
			children = (
				2158045F1C83719800FDA6CF /* Base */,
			);
			name = Main.storyboard;
			sourceTree = "<group>";
		};
		215804631C83719800FDA6CF /* LaunchScreen.storyboard */ = {
			isa = PBXVariantGroup;
			children = (
				215804641C83719800FDA6CF /* Base */,
			);
			name = LaunchScreen.storyboard;
			sourceTree = "<group>";
		};
/* End PBXVariantGroup section */

/* Begin XCBuildConfiguration section */
		215804671C83719800FDA6CF /* Debug */ = {
			isa = XCBuildConfiguration;
			buildSettings = {
				ALWAYS_SEARCH_USER_PATHS = NO;
				CLANG_CXX_LANGUAGE_STANDARD = "gnu++0x";
				CLANG_CXX_LIBRARY = "libc++";
				CLANG_ENABLE_MODULES = YES;
				CLANG_ENABLE_OBJC_ARC = YES;
				CLANG_WARN_BOOL_CONVERSION = YES;
				CLANG_WARN_CONSTANT_CONVERSION = YES;
				CLANG_WARN_DIRECT_OBJC_ISA_USAGE = YES_ERROR;
				CLANG_WARN_EMPTY_BODY = YES;
				CLANG_WARN_ENUM_CONVERSION = YES;
				CLANG_WARN_INT_CONVERSION = YES;
				CLANG_WARN_OBJC_ROOT_CLASS = YES_ERROR;
				CLANG_WARN_UNREACHABLE_CODE = YES;
				CLANG_WARN__DUPLICATE_METHOD_MATCH = YES;
				"CODE_SIGN_IDENTITY[sdk=iphoneos*]" = "iPhone Developer";
				COPY_PHASE_STRIP = NO;
				DEBUG_INFORMATION_FORMAT = dwarf;
				ENABLE_STRICT_OBJC_MSGSEND = YES;
				ENABLE_TESTABILITY = YES;
				GCC_C_LANGUAGE_STANDARD = gnu99;
				GCC_DYNAMIC_NO_PIC = NO;
				GCC_NO_COMMON_BLOCKS = YES;
				GCC_OPTIMIZATION_LEVEL = 0;
				GCC_PREPROCESSOR_DEFINITIONS = (
					"DEBUG=1",
					"$(inherited)",
				);
				GCC_WARN_64_TO_32_BIT_CONVERSION = YES;
				GCC_WARN_ABOUT_RETURN_TYPE = YES_ERROR;
				GCC_WARN_UNDECLARED_SELECTOR = YES;
				GCC_WARN_UNINITIALIZED_AUTOS = YES_AGGRESSIVE;
				GCC_WARN_UNUSED_FUNCTION = YES;
				GCC_WARN_UNUSED_VARIABLE = YES;
				IPHONEOS_DEPLOYMENT_TARGET = 9.2;
				MTL_ENABLE_DEBUG_INFO = YES;
				ONLY_ACTIVE_ARCH = YES;
				SDKROOT = iphoneos;
				SWIFT_OPTIMIZATION_LEVEL = "-Onone";
			};
			name = Debug;
		};
		215804681C83719800FDA6CF /* Release */ = {
			isa = XCBuildConfiguration;
			buildSettings = {
				ALWAYS_SEARCH_USER_PATHS = NO;
				CLANG_CXX_LANGUAGE_STANDARD = "gnu++0x";
				CLANG_CXX_LIBRARY = "libc++";
				CLANG_ENABLE_MODULES = YES;
				CLANG_ENABLE_OBJC_ARC = YES;
				CLANG_WARN_BOOL_CONVERSION = YES;
				CLANG_WARN_CONSTANT_CONVERSION = YES;
				CLANG_WARN_DIRECT_OBJC_ISA_USAGE = YES_ERROR;
				CLANG_WARN_EMPTY_BODY = YES;
				CLANG_WARN_ENUM_CONVERSION = YES;
				CLANG_WARN_INT_CONVERSION = YES;
				CLANG_WARN_OBJC_ROOT_CLASS = YES_ERROR;
				CLANG_WARN_UNREACHABLE_CODE = YES;
				CLANG_WARN__DUPLICATE_METHOD_MATCH = YES;
				"CODE_SIGN_IDENTITY[sdk=iphoneos*]" = "iPhone Developer";
				COPY_PHASE_STRIP = NO;
				DEBUG_INFORMATION_FORMAT = "dwarf-with-dsym";
				ENABLE_NS_ASSERTIONS = NO;
				ENABLE_STRICT_OBJC_MSGSEND = YES;
				GCC_C_LANGUAGE_STANDARD = gnu99;
				GCC_NO_COMMON_BLOCKS = YES;
				GCC_WARN_64_TO_32_BIT_CONVERSION = YES;
				GCC_WARN_ABOUT_RETURN_TYPE = YES_ERROR;
				GCC_WARN_UNDECLARED_SELECTOR = YES;
				GCC_WARN_UNINITIALIZED_AUTOS = YES_AGGRESSIVE;
				GCC_WARN_UNUSED_FUNCTION = YES;
				GCC_WARN_UNUSED_VARIABLE = YES;
				IPHONEOS_DEPLOYMENT_TARGET = 9.2;
				MTL_ENABLE_DEBUG_INFO = NO;
				SDKROOT = iphoneos;
				VALIDATE_PRODUCT = YES;
			};
			name = Release;
		};
		2158046A1C83719800FDA6CF /* Debug */ = {
			isa = XCBuildConfiguration;
			baseConfigurationReference = 7722D111C088BFC12CB3B9B3 /* Pods-codepath-twitter.debug.xcconfig */;
			buildSettings = {
				ASSETCATALOG_COMPILER_APPICON_NAME = AppIcon;
				INFOPLIST_FILE = "codepath-twitter/Info.plist";
				IPHONEOS_DEPLOYMENT_TARGET = 8.4;
				LD_RUNPATH_SEARCH_PATHS = "$(inherited) @executable_path/Frameworks";
				PRODUCT_BUNDLE_IDENTIFIER = "codepath.codepath-twitter";
				PRODUCT_NAME = "$(TARGET_NAME)";
			};
			name = Debug;
		};
		2158046B1C83719800FDA6CF /* Release */ = {
			isa = XCBuildConfiguration;
			baseConfigurationReference = 9696B429001D214BC9D546F0 /* Pods-codepath-twitter.release.xcconfig */;
			buildSettings = {
				ASSETCATALOG_COMPILER_APPICON_NAME = AppIcon;
				INFOPLIST_FILE = "codepath-twitter/Info.plist";
				IPHONEOS_DEPLOYMENT_TARGET = 8.4;
				LD_RUNPATH_SEARCH_PATHS = "$(inherited) @executable_path/Frameworks";
				PRODUCT_BUNDLE_IDENTIFIER = "codepath.codepath-twitter";
				PRODUCT_NAME = "$(TARGET_NAME)";
			};
			name = Release;
		};
/* End XCBuildConfiguration section */

/* Begin XCConfigurationList section */
		215804521C83719800FDA6CF /* Build configuration list for PBXProject "codepath-twitter" */ = {
			isa = XCConfigurationList;
			buildConfigurations = (
				215804671C83719800FDA6CF /* Debug */,
				215804681C83719800FDA6CF /* Release */,
			);
			defaultConfigurationIsVisible = 0;
			defaultConfigurationName = Release;
		};
		215804691C83719800FDA6CF /* Build configuration list for PBXNativeTarget "codepath-twitter" */ = {
			isa = XCConfigurationList;
			buildConfigurations = (
				2158046A1C83719800FDA6CF /* Debug */,
				2158046B1C83719800FDA6CF /* Release */,
			);
			defaultConfigurationIsVisible = 0;
			defaultConfigurationName = Release;
		};
/* End XCConfigurationList section */
	};
	rootObject = 2158044F1C83719800FDA6CF /* Project object */;
}
